{
    "_readme": [
        "This file locks the dependencies of your project to a known state",
        "Read more about it at http://getcomposer.org/doc/01-basic-usage.md#composer-lock-the-lock-file"
    ],
    "hash": "873fbb42d8d80531d8ecac718d349f0c",
    "packages": [
        {
            "name": "behat/behat",
            "version": "dev-develop",
            "source": {
                "type": "git",
                "url": "https://github.com/Behat/Behat.git",
                "reference": "6b3a0ec4d47121209161fa82ae12dbc69361f508"
            },
            "dist": {
                "type": "zip",
                "url": "https://api.github.com/repos/Behat/Behat/zipball/6b3a0ec4d47121209161fa82ae12dbc69361f508",
                "reference": "6b3a0ec4d47121209161fa82ae12dbc69361f508",
                "shasum": ""
            },
            "require": {
                "behat/gherkin": ">=2.2.9,<2.3",
                "php": ">=5.3.1",
                "symfony/config": ">=2.0,<3.0",
                "symfony/console": ">=2.0,<3.0",
                "symfony/dependency-injection": ">=2.0,<3.0",
                "symfony/event-dispatcher": ">=2.0,<3.0",
                "symfony/finder": ">=2.0,<3.0",
                "symfony/translation": ">=2.0,<3.0",
                "symfony/yaml": ">=2.0,<3.0"
            },
            "suggest": {
                "behat/mink-extension": "for integration with Mink testing framework",
                "behat/symfony2-extension": "for integration with Symfony2 web framework",
                "behat/yii-extension": "for integration with Yii web framework"
            },
            "bin": [
                "bin/behat"
            ],
            "type": "library",
            "extra": {
                "branch-alias": {
                    "dev-develop": "2.4-dev"
                }
            },
            "autoload": {
                "psr-0": {
                    "Behat\\Behat": "src/"
                }
            },
            "notification-url": "https://packagist.org/downloads/",
            "license": [
                "MIT"
            ],
            "authors": [
                {
                    "name": "Konstantin Kudryashov",
                    "email": "ever.zet@gmail.com",
                    "homepage": "http://everzet.com"
                }
            ],
            "description": "Scenario-oriented BDD framework for PHP 5.3",
            "homepage": "http://behat.org/",
            "keywords": [
                "BDD",
                "Behat",
                "Symfony2"
            ],
            "time": "2013-03-26 15:53:24"
        },
        {
            "name": "behat/gherkin",
            "version": "dev-develop",
            "source": {
                "type": "git",
                "url": "https://github.com/Behat/Gherkin.git",
                "reference": "70a37689d6fc5d4b9772dfac35c112f031306d09"
            },
            "dist": {
                "type": "zip",
                "url": "https://api.github.com/repos/Behat/Gherkin/zipball/70a37689d6fc5d4b9772dfac35c112f031306d09",
                "reference": "70a37689d6fc5d4b9772dfac35c112f031306d09",
                "shasum": ""
            },
            "require": {
                "php": ">=5.3.1",
                "symfony/finder": ">=2.0,<3.0"
            },
            "require-dev": {
                "symfony/config": ">=2.0,<3.0",
                "symfony/translation": ">=2.0,<3.0",
                "symfony/yaml": ">=2.0,<3.0"
            },
            "suggest": {
                "symfony/config": "If you want to use Config component to manage resources",
                "symfony/translation": "If you want to use Symfony2 translations adapter",
                "symfony/yaml": "If you want to parse features, represented in YAML files"
            },
            "type": "library",
            "extra": {
                "branch-alias": {
                    "dev-develop": "2.2-dev"
                }
            },
            "autoload": {
                "psr-0": {
                    "Behat\\Gherkin": "src/"
                }
            },
            "notification-url": "https://packagist.org/downloads/",
            "license": [
                "MIT"
            ],
            "authors": [
                {
                    "name": "Konstantin Kudryashov",
                    "email": "ever.zet@gmail.com",
                    "homepage": "http://everzet.com"
                }
            ],
            "description": "Gherkin DSL parser for PHP 5.3",
            "homepage": "http://behat.org/",
            "keywords": [
                "BDD",
                "Behat",
                "DSL",
                "Symfony2",
                "parser"
            ],
            "time": "2013-03-08 10:25:28"
        },
        {
            "name": "behat/mink",
            "version": "dev-develop",
            "source": {
                "type": "git",
                "url": "https://github.com/Behat/Mink.git",
                "reference": "03d479f7c9a12876cd5816972ebd944ee52b8a38"
            },
            "dist": {
                "type": "zip",
                "url": "https://api.github.com/repos/Behat/Mink/zipball/03d479f7c9a12876cd5816972ebd944ee52b8a38",
                "reference": "03d479f7c9a12876cd5816972ebd944ee52b8a38",
                "shasum": ""
            },
            "require": {
                "php": ">=5.3.1",
                "symfony/css-selector": ">=2.0,<3.0"
            },
            "suggest": {
                "behat/mink-browserkit-driver": "extremely fast headless driver for Symfony\\Kernel-based apps (Sf2, Silex)",
                "behat/mink-goutte-driver": "fast headless driver for any app without JS emulation",
                "behat/mink-selenium2-driver": "slow, but JS-enabled driver for any app (requires Selenium2)",
                "behat/mink-zombie-driver": "fast and JS-enabled headless driver for any app (requires node.js)"
            },
            "type": "library",
            "extra": {
                "branch-alias": {
                    "dev-develop": "1.4.x-dev"
                }
            },
            "autoload": {
                "psr-0": {
                    "Behat\\Mink": "src/"
                }
            },
            "notification-url": "https://packagist.org/downloads/",
            "license": [
                "MIT"
            ],
            "authors": [
                {
                    "name": "Konstantin Kudryashov",
                    "email": "ever.zet@gmail.com",
                    "homepage": "http://everzet.com"
                }
            ],
            "description": "Web acceptance testing framework for PHP 5.3",
            "homepage": "http://mink.behat.org/",
            "keywords": [
                "browser",
                "testing",
                "web"
            ],
            "time": "2013-04-05 10:16:59"
        },
        {
            "name": "behat/mink-browserkit-driver",
            "version": "dev-master",
            "source": {
                "type": "git",
                "url": "https://github.com/Behat/MinkBrowserKitDriver.git",
                "reference": "2c89051d35f39d80f0f51c72cdc536b32015f278"
            },
            "dist": {
                "type": "zip",
                "url": "https://api.github.com/repos/Behat/MinkBrowserKitDriver/zipball/2c89051d35f39d80f0f51c72cdc536b32015f278",
                "reference": "2c89051d35f39d80f0f51c72cdc536b32015f278",
                "shasum": ""
            },
            "require": {
                "behat/mink": ">=1.4.3,<1.5",
                "php": ">=5.3.1",
                "symfony/browser-kit": ">=2.0,<3.0",
                "symfony/dom-crawler": ">=2.0,<3.0"
            },
            "require-dev": {
                "silex/silex": "@dev"
            },
            "type": "mink-driver",
            "extra": {
                "branch-alias": {
                    "dev-master": "1.0.x-dev"
                }
            },
            "autoload": {
                "psr-0": {
                    "Behat\\Mink\\Driver": "src/"
                }
            },
            "notification-url": "https://packagist.org/downloads/",
            "license": [
                "MIT"
            ],
            "authors": [
                {
                    "name": "Konstantin Kudryashov",
                    "email": "ever.zet@gmail.com",
                    "homepage": "http://everzet.com"
                }
            ],
            "description": "Symfony2 BrowserKit driver for Mink framework",
            "homepage": "http://mink.behat.org/",
            "keywords": [
                "Mink",
                "Symfony2",
                "browser",
                "testing"
            ],
            "time": "2013-03-13 10:34:15"
        },
        {
            "name": "behat/mink-extension",
            "version": "dev-master",
            "source": {
                "type": "git",
                "url": "https://github.com/Behat/MinkExtension.git",
                "reference": "9c084857d522328e0747932bb695416cefab6321"
            },
            "dist": {
                "type": "zip",
                "url": "https://api.github.com/repos/Behat/MinkExtension/zipball/9c084857d522328e0747932bb695416cefab6321",
                "reference": "9c084857d522328e0747932bb695416cefab6321",
                "shasum": ""
            },
            "require": {
                "behat/behat": ">=2.4.5,<2.5",
                "behat/mink": ">=1.4.3,<1.5",
                "php": ">=5.3.2"
            },
            "require-dev": {
                "behat/mink-goutte-driver": ">=1.0.7,<1.1"
            },
            "type": "behat-extension",
            "extra": {
                "branch-alias": {
                    "dev-master": "1.0.x-dev"
                }
            },
            "autoload": {
                "psr-0": {
                    "Behat\\MinkExtension": "src/"
                }
            },
            "notification-url": "https://packagist.org/downloads/",
            "license": [
                "MIT"
            ],
            "authors": [
                {
                    "name": "Konstantin Kudryashov",
                    "email": "ever.zet@gmail.com",
                    "homepage": "http://everzet.com"
                }
            ],
            "description": "Mink extension for Behat",
            "homepage": "http://mink.behat.org",
            "keywords": [
                "browser",
                "gui",
                "test",
                "web"
            ],
            "time": "2013-04-09 01:05:33"
        },
        {
            "name": "behat/mink-goutte-driver",
            "version": "dev-master",
            "source": {
                "type": "git",
                "url": "https://github.com/Behat/MinkGoutteDriver.git",
                "reference": "v1.0.7"
            },
            "dist": {
                "type": "zip",
                "url": "https://api.github.com/repos/Behat/MinkGoutteDriver/zipball/v1.0.7",
                "reference": "v1.0.7",
                "shasum": ""
            },
            "require": {
                "behat/mink": ">=1.4.3,<1.5",
                "behat/mink-browserkit-driver": ">=1.0.4,<1.1",
                "fabpot/goutte": ">=1.0.1,<1.1",
                "php": ">=5.3.1"
            },
            "type": "mink-driver",
            "extra": {
                "branch-alias": {
                    "dev-master": "1.0.x-dev"
                }
            },
            "autoload": {
                "psr-0": {
                    "Behat\\Mink\\Driver": "src/"
                }
            },
            "notification-url": "https://packagist.org/downloads/",
            "license": [
                "MIT"
            ],
            "authors": [
                {
                    "name": "Konstantin Kudryashov",
                    "email": "ever.zet@gmail.com",
                    "homepage": "http://everzet.com"
                }
            ],
            "description": "Goutte driver for Mink framework",
            "homepage": "http://mink.behat.org/",
            "keywords": [
                "browser",
                "goutte",
                "headless",
                "testing"
            ],
            "time": "2013-03-08 10:02:27"
        },
        {
            "name": "behat/mink-selenium2-driver",
            "version": "dev-master",
            "source": {
                "type": "git",
                "url": "https://github.com/Behat/MinkSelenium2Driver.git",
                "reference": "20011ad0e3aca7ccab324bd15bb0cd72d232229f"
            },
            "dist": {
                "type": "zip",
                "url": "https://api.github.com/repos/Behat/MinkSelenium2Driver/zipball/20011ad0e3aca7ccab324bd15bb0cd72d232229f",
                "reference": "20011ad0e3aca7ccab324bd15bb0cd72d232229f",
                "shasum": ""
            },
            "require": {
                "behat/mink": ">=1.4.3,<1.5",
                "instaclick/php-webdriver": ">=1.0.12.0,<1.1",
                "php": ">=5.3.1"
            },
            "type": "mink-driver",
            "extra": {
                "branch-alias": {
                    "dev-master": "1.0.x-dev"
                }
            },
            "autoload": {
                "psr-0": {
                    "Behat\\Mink\\Driver": "src/"
                }
            },
            "notification-url": "https://packagist.org/downloads/",
            "license": [
                "MIT"
            ],
            "authors": [
                {
                    "name": "Konstantin Kudryashov",
                    "email": "ever.zet@gmail.com",
                    "homepage": "http://everzet.com"
                },
                {
                    "name": "Pete Otaqui",
                    "email": "pete@otaqui.com",
                    "homepage": "https://github.com/pete-otaqui"
                }
            ],
            "description": "Selenium2 (WebDriver) driver for Mink framework",
            "homepage": "http://mink.behat.org/",
            "keywords": [
                "ajax",
                "browser",
                "javascript",
                "selenium",
                "testing",
                "webdriver"
            ],
            "time": "2013-03-09 12:34:04"
        },
        {
            "name": "drupal/drupal-extension",
            "version": "dev-master",
            "source": {
                "type": "git",
                "url": "http://git.drupal.org/project/drupalextension.git",
                "reference": "256b2e8bdbfa4e097783e9baa98a52a48fed6647"
            },
            "require": {
                "behat/behat": ">=2.4.3, <2.5.0",
                "behat/mink": ">=1.4.0, <1.5.0",
                "behat/mink-extension": "*",
                "behat/mink-goutte-driver": "*",
                "behat/mink-selenium2-driver": "*"
            },
            "type": "behat-extension",
            "autoload": {
                "psr-0": {
                    "Drupal\\Driver": "src/",
                    "Drupal\\Drupal": "src/",
                    "Drupal\\Exception": "src/",
                    "Drupal\\DrupalExtension": "src/"
                }
            },
            "notification-url": "https://packagist.org/downloads/",
            "license": [
                "GPL-2.0+"
            ],
            "description": "Drupal extension for Behat",
            "homepage": "http://drupal.org/project/drupalextension",
            "keywords": [
                "drupal",
                "test",
                "web"
            ],
            "time": "2013-03-29 01:16:10"
        },
        {
            "name": "fabpot/goutte",
            "version": "dev-master",
            "source": {
                "type": "git",
                "url": "https://github.com/fabpot/Goutte.git",
                "reference": "3ebd52cee0c997d4e4c5e2fb5f10ee9de0e3fc46"
            },
            "dist": {
                "type": "zip",
                "url": "https://api.github.com/repos/fabpot/Goutte/zipball/3ebd52cee0c997d4e4c5e2fb5f10ee9de0e3fc46",
                "reference": "3ebd52cee0c997d4e4c5e2fb5f10ee9de0e3fc46",
                "shasum": ""
            },
            "require": {
                "ext-curl": "*",
                "guzzle/guzzle": ">=3.0, <3.4",
                "php": ">=5.3.0",
                "symfony/browser-kit": ">=2.1,<3.0",
                "symfony/css-selector": ">=2.1,<3.0",
                "symfony/dom-crawler": ">=2.1,<3.0",
                "symfony/finder": ">=2.1,<3.0",
                "symfony/process": ">=2.1,<3.0"
            },
            "type": "application",
            "extra": {
                "branch-alias": {
                    "dev-master": "1.0-dev"
                }
            },
            "autoload": {
                "psr-0": {
                    "Goutte": "."
                }
            },
            "notification-url": "https://packagist.org/downloads/",
            "license": [
                "MIT"
            ],
            "authors": [
                {
                    "name": "Fabien Potencier",
                    "email": "fabien@symfony.com"
                }
            ],
            "description": "A simple PHP Web Scraper",
            "homepage": "https://github.com/fabpot/Goutte",
            "keywords": [
                "scraper"
            ],
            "time": "2013-03-15 10:18:26"
        },
        {
            "name": "guzzle/guzzle",
            "version": "dev-master",
            "source": {
                "type": "git",
                "url": "https://github.com/guzzle/guzzle.git",
                "reference": "2e18b3567771d672768f873fa6bcd85bf1d48ba5"
            },
            "dist": {
                "type": "zip",
                "url": "https://api.github.com/repos/guzzle/guzzle/zipball/2e18b3567771d672768f873fa6bcd85bf1d48ba5",
                "reference": "2e18b3567771d672768f873fa6bcd85bf1d48ba5",
                "shasum": ""
            },
            "require": {
                "ext-curl": "*",
                "php": ">=5.3.2",
                "symfony/event-dispatcher": ">=2.1"
            },
            "replace": {
                "guzzle/batch": "self.version",
                "guzzle/cache": "self.version",
                "guzzle/common": "self.version",
                "guzzle/http": "self.version",
                "guzzle/inflection": "self.version",
                "guzzle/iterator": "self.version",
                "guzzle/log": "self.version",
                "guzzle/parser": "self.version",
                "guzzle/plugin": "self.version",
                "guzzle/plugin-async": "self.version",
                "guzzle/plugin-backoff": "self.version",
                "guzzle/plugin-cache": "self.version",
                "guzzle/plugin-cookie": "self.version",
                "guzzle/plugin-curlauth": "self.version",
                "guzzle/plugin-error-response": "self.version",
                "guzzle/plugin-history": "self.version",
                "guzzle/plugin-log": "self.version",
                "guzzle/plugin-md5": "self.version",
                "guzzle/plugin-mock": "self.version",
                "guzzle/plugin-oauth": "self.version",
                "guzzle/service": "self.version",
                "guzzle/stream": "self.version"
            },
            "require-dev": {
                "doctrine/cache": "*",
                "monolog/monolog": "1.*",
                "phpunit/phpunit": "3.7.*",
                "psr/log": "1.0.*",
                "symfony/class-loader": "*",
                "zend/zend-cache1": "1.12",
                "zend/zend-log1": "1.12",
                "zendframework/zend-cache": "2.0.*",
                "zendframework/zend-log": "2.0.*"
            },
            "type": "library",
            "extra": {
                "branch-alias": {
                    "dev-master": "3.3-dev"
                }
            },
            "autoload": {
                "psr-0": {
                    "Guzzle\\Tests": "tests/",
                    "Guzzle": "src/"
                }
            },
            "notification-url": "https://packagist.org/downloads/",
            "license": [
                "MIT"
            ],
            "authors": [
                {
                    "name": "Michael Dowling",
                    "email": "mtdowling@gmail.com",
                    "homepage": "https://github.com/mtdowling"
                },
                {
                    "name": "Guzzle Community",
                    "homepage": "https://github.com/guzzle/guzzle/contributors"
                }
            ],
            "description": "Guzzle is a PHP HTTP client library and framework for building RESTful web service clients",
            "homepage": "http://guzzlephp.org/",
            "keywords": [
                "client",
                "curl",
                "framework",
                "http",
                "http client",
                "rest",
                "web service"
            ],
            "time": "2013-04-10 19:35:33"
        },
        {
            "name": "instaclick/php-webdriver",
            "version": "dev-master",
            "source": {
                "type": "git",
                "url": "https://github.com/instaclick/php-webdriver.git",
                "reference": "6f2196bc09dbf4f8eaa2bbcc94d4fc979544706a"
            },
            "dist": {
                "type": "zip",
                "url": "https://api.github.com/repos/instaclick/php-webdriver/zipball/6f2196bc09dbf4f8eaa2bbcc94d4fc979544706a",
                "reference": "6f2196bc09dbf4f8eaa2bbcc94d4fc979544706a",
                "shasum": ""
            },
            "require": {
                "php": ">=5.3.2"
            },
            "type": "library",
            "extra": {
                "branch-alias": {
                    "dev-master": "1.0.x-dev"
                }
            },
            "autoload": {
                "psr-0": {
                    "WebDriver": "lib/"
                }
            },
            "notification-url": "https://packagist.org/downloads/",
            "license": [
                "Apache-2.0"
            ],
            "authors": [
                {
                    "name": "Justin Bishop",
                    "email": "jubishop@gmail.com",
                    "role": "Developer"
                },
                {
                    "name": "Anthon Pang",
                    "email": "apang@softwaredevelopment.ca",
                    "role": "developer"
                }
            ],
            "description": "PHP WebDriver for Selenium 2",
            "homepage": "http://instaclick.com/torontotechjobs/",
            "keywords": [
                "browser",
                "selenium",
                "webdriver",
                "webtest"
            ],
            "time": "2013-02-21 16:05:33"
        },
        {
            "name": "symfony/browser-kit",
            "version": "dev-master",
            "target-dir": "Symfony/Component/BrowserKit",
            "source": {
                "type": "git",
                "url": "https://github.com/symfony/BrowserKit.git",
                "reference": "b0aa5249d957930f93c0c2a3f1f10db0721cb6e9"
            },
            "dist": {
                "type": "zip",
                "url": "https://api.github.com/repos/symfony/BrowserKit/zipball/b0aa5249d957930f93c0c2a3f1f10db0721cb6e9",
                "reference": "b0aa5249d957930f93c0c2a3f1f10db0721cb6e9",
                "shasum": ""
            },
            "require": {
                "php": ">=5.3.3",
                "symfony/dom-crawler": ">=2.0,<3.0"
            },
            "require-dev": {
                "symfony/css-selector": ">=2.0,<3.0",
                "symfony/process": ">=2.0,<3.0"
            },
            "suggest": {
                "symfony/process": "2.2.*"
            },
            "type": "library",
            "extra": {
                "branch-alias": {
                    "dev-master": "2.3-dev"
                }
            },
            "autoload": {
                "psr-0": {
                    "Symfony\\Component\\BrowserKit\\": ""
                }
            },
            "notification-url": "https://packagist.org/downloads/",
            "license": [
                "MIT"
            ],
            "authors": [
                {
                    "name": "Fabien Potencier",
                    "email": "fabien@symfony.com"
                },
                {
                    "name": "Symfony Community",
                    "homepage": "http://symfony.com/contributors"
                }
            ],
            "description": "Symfony BrowserKit Component",
            "homepage": "http://symfony.com",
            "time": "2013-03-20 14:03:03"
        },
        {
            "name": "symfony/config",
            "version": "dev-master",
            "target-dir": "Symfony/Component/Config",
            "source": {
                "type": "git",
                "url": "https://github.com/symfony/Config.git",
                "reference": "6a9046f65ed72b9ed41dc063bba1d59978114a65"
            },
            "dist": {
                "type": "zip",
                "url": "https://api.github.com/repos/symfony/Config/zipball/6a9046f65ed72b9ed41dc063bba1d59978114a65",
                "reference": "6a9046f65ed72b9ed41dc063bba1d59978114a65",
                "shasum": ""
            },
            "require": {
                "php": ">=5.3.3"
            },
            "type": "library",
            "extra": {
                "branch-alias": {
                    "dev-master": "2.3-dev"
                }
            },
            "autoload": {
                "psr-0": {
                    "Symfony\\Component\\Config\\": ""
                }
            },
            "notification-url": "https://packagist.org/downloads/",
            "license": [
                "MIT"
            ],
            "authors": [
                {
                    "name": "Fabien Potencier",
                    "email": "fabien@symfony.com"
                },
                {
                    "name": "Symfony Community",
                    "homepage": "http://symfony.com/contributors"
                }
            ],
            "description": "Symfony Config Component",
            "homepage": "http://symfony.com",
            "time": "2013-04-02 09:39:57"
        },
        {
            "name": "symfony/console",
            "version": "dev-master",
            "target-dir": "Symfony/Component/Console",
            "source": {
                "type": "git",
                "url": "https://github.com/symfony/Console.git",
                "reference": "5c9fb1169f3940ffb869c4a36c3794f66790600a"
            },
            "dist": {
                "type": "zip",
                "url": "https://api.github.com/repos/symfony/Console/zipball/5c9fb1169f3940ffb869c4a36c3794f66790600a",
                "reference": "5c9fb1169f3940ffb869c4a36c3794f66790600a",
                "shasum": ""
            },
            "require": {
                "php": ">=5.3.3"
            },
            "require-dev": {
                "symfony/event-dispatcher": ">=2.1,<3.0"
            },
            "type": "library",
            "extra": {
                "branch-alias": {
                    "dev-master": "2.3-dev"
                }
            },
            "autoload": {
                "psr-0": {
                    "Symfony\\Component\\Console\\": ""
                }
            },
            "notification-url": "https://packagist.org/downloads/",
            "license": [
                "MIT"
            ],
            "authors": [
                {
                    "name": "Fabien Potencier",
                    "email": "fabien@symfony.com"
                },
                {
                    "name": "Symfony Community",
                    "homepage": "http://symfony.com/contributors"
                }
            ],
            "description": "Symfony Console Component",
            "homepage": "http://symfony.com",
            "time": "2013-04-09 15:42:31"
        },
        {
            "name": "symfony/css-selector",
            "version": "dev-master",
            "target-dir": "Symfony/Component/CssSelector",
            "source": {
                "type": "git",
                "url": "https://github.com/symfony/CssSelector.git",
                "reference": "65072babfc2bda090b26f9634a9af2c98be65ed5"
            },
            "dist": {
                "type": "zip",
                "url": "https://api.github.com/repos/symfony/CssSelector/zipball/65072babfc2bda090b26f9634a9af2c98be65ed5",
                "reference": "65072babfc2bda090b26f9634a9af2c98be65ed5",
                "shasum": ""
            },
            "require": {
                "php": ">=5.3.3"
            },
            "type": "library",
            "extra": {
                "branch-alias": {
                    "dev-master": "2.3-dev"
                }
            },
            "autoload": {
                "psr-0": {
                    "Symfony\\Component\\CssSelector\\": ""
                }
            },
            "notification-url": "https://packagist.org/downloads/",
            "license": [
                "MIT"
            ],
            "authors": [
                {
                    "name": "Fabien Potencier",
                    "email": "fabien@symfony.com"
                },
                {
                    "name": "Symfony Community",
                    "homepage": "http://symfony.com/contributors"
                },
                {
                    "name": "Jean-François Simon",
                    "email": "jeanfrancois.simon@sensiolabs.com"
                }
            ],
            "description": "Symfony CssSelector Component",
            "homepage": "http://symfony.com",
            "time": "2013-03-23 19:31:06"
        },
        {
            "name": "symfony/dependency-injection",
            "version": "dev-master",
            "target-dir": "Symfony/Component/DependencyInjection",
            "source": {
                "type": "git",
                "url": "https://github.com/symfony/DependencyInjection.git",
                "reference": "6e9c3a29432d7274a297d945e937e46b7c48b3fa"
            },
            "dist": {
                "type": "zip",
                "url": "https://api.github.com/repos/symfony/DependencyInjection/zipball/6e9c3a29432d7274a297d945e937e46b7c48b3fa",
                "reference": "6e9c3a29432d7274a297d945e937e46b7c48b3fa",
                "shasum": ""
            },
            "require": {
                "php": ">=5.3.3"
            },
            "require-dev": {
                "symfony/config": ">=2.2,<2.4-dev",
                "symfony/yaml": ">=2.0,<3.0"
            },
            "suggest": {
                "symfony/config": "2.2.*",
                "symfony/yaml": "2.2.*"
            },
            "type": "library",
            "extra": {
                "branch-alias": {
                    "dev-master": "2.3-dev"
                }
            },
            "autoload": {
                "psr-0": {
                    "Symfony\\Component\\DependencyInjection\\": ""
                }
            },
            "notification-url": "https://packagist.org/downloads/",
            "license": [
                "MIT"
            ],
            "authors": [
                {
                    "name": "Fabien Potencier",
                    "email": "fabien@symfony.com"
                },
                {
                    "name": "Symfony Community",
                    "homepage": "http://symfony.com/contributors"
                }
            ],
            "description": "Symfony DependencyInjection Component",
            "homepage": "http://symfony.com",
            "time": "2013-04-08 01:18:40"
        },
        {
            "name": "symfony/dom-crawler",
            "version": "dev-master",
            "target-dir": "Symfony/Component/DomCrawler",
            "source": {
                "type": "git",
                "url": "https://github.com/symfony/DomCrawler.git",
                "reference": "0bcf05b5b461dca5c5d92e345f9114aebb72d35a"
            },
            "dist": {
                "type": "zip",
                "url": "https://api.github.com/repos/symfony/DomCrawler/zipball/0bcf05b5b461dca5c5d92e345f9114aebb72d35a",
                "reference": "0bcf05b5b461dca5c5d92e345f9114aebb72d35a",
                "shasum": ""
            },
            "require": {
                "php": ">=5.3.3"
            },
            "require-dev": {
                "symfony/css-selector": ">=2.0,<3.0"
            },
            "suggest": {
                "symfony/css-selector": "2.2.*"
            },
            "type": "library",
            "extra": {
                "branch-alias": {
                    "dev-master": "2.3-dev"
                }
            },
            "autoload": {
                "psr-0": {
                    "Symfony\\Component\\DomCrawler\\": ""
                }
            },
            "notification-url": "https://packagist.org/downloads/",
            "license": [
                "MIT"
            ],
            "authors": [
                {
                    "name": "Fabien Potencier",
                    "email": "fabien@symfony.com"
                },
                {
                    "name": "Symfony Community",
                    "homepage": "http://symfony.com/contributors"
                }
            ],
            "description": "Symfony DomCrawler Component",
            "homepage": "http://symfony.com",
            "time": "2013-04-07 16:48:09"
        },
        {
            "name": "symfony/event-dispatcher",
            "version": "dev-master",
            "target-dir": "Symfony/Component/EventDispatcher",
            "source": {
                "type": "git",
                "url": "https://github.com/symfony/EventDispatcher.git",
                "reference": "2e1fce7bb3ea06d9e42756f1dd3edf966420c755"
            },
            "dist": {
                "type": "zip",
                "url": "https://api.github.com/repos/symfony/EventDispatcher/zipball/2e1fce7bb3ea06d9e42756f1dd3edf966420c755",
                "reference": "2e1fce7bb3ea06d9e42756f1dd3edf966420c755",
                "shasum": ""
            },
            "require": {
                "php": ">=5.3.3"
            },
            "require-dev": {
                "symfony/dependency-injection": ">=2.0,<3.0"
            },
            "suggest": {
                "symfony/dependency-injection": "2.2.*",
                "symfony/http-kernel": "2.2.*"
            },
            "type": "library",
            "extra": {
                "branch-alias": {
                    "dev-master": "2.3-dev"
                }
            },
            "autoload": {
                "psr-0": {
                    "Symfony\\Component\\EventDispatcher\\": ""
                }
            },
            "notification-url": "https://packagist.org/downloads/",
            "license": [
                "MIT"
            ],
            "authors": [
                {
                    "name": "Fabien Potencier",
                    "email": "fabien@symfony.com"
                },
                {
                    "name": "Symfony Community",
                    "homepage": "http://symfony.com/contributors"
                }
            ],
            "description": "Symfony EventDispatcher Component",
            "homepage": "http://symfony.com",
            "time": "2013-02-11 11:27:01"
        },
        {
            "name": "symfony/finder",
            "version": "dev-master",
            "target-dir": "Symfony/Component/Finder",
            "source": {
                "type": "git",
                "url": "https://github.com/symfony/Finder.git",
                "reference": "e2f07c7a4cce2091324afee55a853ec097a07f3c"
            },
            "dist": {
                "type": "zip",
                "url": "https://api.github.com/repos/symfony/Finder/zipball/e2f07c7a4cce2091324afee55a853ec097a07f3c",
                "reference": "e2f07c7a4cce2091324afee55a853ec097a07f3c",
                "shasum": ""
            },
            "require": {
                "php": ">=5.3.3"
            },
            "type": "library",
            "extra": {
                "branch-alias": {
                    "dev-master": "2.3-dev"
                }
            },
            "autoload": {
                "psr-0": {
                    "Symfony\\Component\\Finder\\": ""
                }
            },
            "notification-url": "https://packagist.org/downloads/",
            "license": [
                "MIT"
            ],
            "authors": [
                {
                    "name": "Fabien Potencier",
                    "email": "fabien@symfony.com"
                },
                {
                    "name": "Symfony Community",
                    "homepage": "http://symfony.com/contributors"
                }
            ],
            "description": "Symfony Finder Component",
            "homepage": "http://symfony.com",
            "time": "2013-04-02 09:39:57"
        },
        {
            "name": "symfony/process",
            "version": "dev-master",
            "target-dir": "Symfony/Component/Process",
            "source": {
                "type": "git",
                "url": "https://github.com/symfony/Process.git",
                "reference": "cb6bbfbd5bc852cbd13768787f1b27d238ef6045"
            },
            "dist": {
                "type": "zip",
                "url": "https://api.github.com/repos/symfony/Process/zipball/cb6bbfbd5bc852cbd13768787f1b27d238ef6045",
                "reference": "cb6bbfbd5bc852cbd13768787f1b27d238ef6045",
                "shasum": ""
            },
            "require": {
                "php": ">=5.3.3"
            },
            "type": "library",
            "extra": {
                "branch-alias": {
                    "dev-master": "2.3-dev"
                }
            },
            "autoload": {
                "psr-0": {
                    "Symfony\\Component\\Process\\": ""
                }
            },
            "notification-url": "https://packagist.org/downloads/",
            "license": [
                "MIT"
            ],
            "authors": [
                {
                    "name": "Fabien Potencier",
                    "email": "fabien@symfony.com"
                },
                {
                    "name": "Symfony Community",
                    "homepage": "http://symfony.com/contributors"
                }
            ],
            "description": "Symfony Process Component",
            "homepage": "http://symfony.com",
            "time": "2013-04-07 20:25:23"
        },
        {
            "name": "symfony/translation",
            "version": "dev-master",
            "target-dir": "Symfony/Component/Translation",
            "source": {
                "type": "git",
                "url": "https://github.com/symfony/Translation.git",
                "reference": "b518a3100b09b5de4b4750e9415c00ad1bd77b1e"
            },
            "dist": {
                "type": "zip",
                "url": "https://api.github.com/repos/symfony/Translation/zipball/b518a3100b09b5de4b4750e9415c00ad1bd77b1e",
                "reference": "b518a3100b09b5de4b4750e9415c00ad1bd77b1e",
                "shasum": ""
            },
            "require": {
                "php": ">=5.3.3"
            },
            "require-dev": {
                "symfony/config": ">=2.0,<2.4-dev",
                "symfony/yaml": ">=2.2,<3.0"
            },
            "suggest": {
                "symfony/config": "2.2.*",
                "symfony/yaml": "2.2.*"
            },
            "type": "library",
            "extra": {
                "branch-alias": {
                    "dev-master": "2.3-dev"
                }
            },
            "autoload": {
                "psr-0": {
                    "Symfony\\Component\\Translation\\": ""
                }
            },
            "notification-url": "https://packagist.org/downloads/",
            "license": [
                "MIT"
            ],
            "authors": [
                {
                    "name": "Fabien Potencier",
                    "email": "fabien@symfony.com"
                },
                {
                    "name": "Symfony Community",
                    "homepage": "http://symfony.com/contributors"
                }
            ],
            "description": "Symfony Translation Component",
            "homepage": "http://symfony.com",
            "time": "2013-04-02 09:39:57"
        },
        {
            "name": "symfony/yaml",
            "version": "dev-master",
            "target-dir": "Symfony/Component/Yaml",
            "source": {
                "type": "git",
                "url": "https://github.com/symfony/Yaml.git",
                "reference": "f198ac28048eeceae852419c076123aaee59cd1c"
            },
            "dist": {
                "type": "zip",
                "url": "https://api.github.com/repos/symfony/Yaml/zipball/f198ac28048eeceae852419c076123aaee59cd1c",
                "reference": "f198ac28048eeceae852419c076123aaee59cd1c",
                "shasum": ""
            },
            "require": {
                "php": ">=5.3.3"
            },
            "type": "library",
            "extra": {
                "branch-alias": {
                    "dev-master": "2.3-dev"
                }
            },
            "autoload": {
                "psr-0": {
                    "Symfony\\Component\\Yaml\\": ""
                }
            },
            "notification-url": "https://packagist.org/downloads/",
            "license": [
                "MIT"
            ],
            "authors": [
                {
                    "name": "Fabien Potencier",
                    "email": "fabien@symfony.com"
                },
                {
                    "name": "Symfony Community",
                    "homepage": "http://symfony.com/contributors"
                }
            ],
            "description": "Symfony Yaml Component",
            "homepage": "http://symfony.com",
            "time": "2013-01-31 21:39:01"
        }
    ],
    "packages-dev": [

    ],
    "aliases": [

    ],
    "minimum-stability": "dev",
    "stability-flags": [

    ],
    "platform": [

    ],
    "platform-dev": [

    ]
}
